
Microsoft Visual Studio Solution File, Format Version 12.00
# Visual Studio Version 16
VisualStudioVersion = 16.0.31005.135
MinimumVisualStudioVersion = 10.0.40219.1
Project("{FAE04EC0-301F-11D3-BF4B-00C04F79EFBC}") = "Sample.Publish.Subscriber.PrintLog", "Sample.Publish.Subscriber.PrintLog\Sample.Publish.Subscriber.PrintLog.csproj", "{9962E09A-420A-4A1F-AF25-DB8ADBC9B7D0}"
EndProject
Project("{FAE04EC0-301F-11D3-BF4B-00C04F79EFBC}") = "Sample.Publish.Subscriber.EmitLog", "Sample.Publish.Subscriber.EmitLog\Sample.Publish.Subscriber.EmitLog.csproj", "{55E68D82-F94F-48CE-AA8E-B0E61A1A26D8}"
EndProject
Project("{FAE04EC0-301F-11D3-BF4B-00C04F79EFBC}") = "Sample.Publish.Subscriber.FileLog", "Sample.Publish.Subscriber.FileLog\Sample.Publish.Subscriber.FileLog.csproj", "{EFF162AD-3169-47DB-ACDC-1618DECEC705}"
EndProject
Global
	GlobalSection(SolutionConfigurationPlatforms) = preSolution
		Debug|Any CPU = Debug|Any CPU
		Release|Any CPU = Release|Any CPU
	EndGlobalSection
	GlobalSection(ProjectConfigurationPlatforms) = postSolution
		{9962E09A-420A-4A1F-AF25-DB8ADBC9B7D0}.Debug|Any CPU.ActiveCfg = Debug|Any CPU
		{9962E09A-420A-4A1F-AF25-DB8ADBC9B7D0}.Debug|Any CPU.Build.0 = Debug|Any CPU
		{9962E09A-420A-4A1F-AF25-DB8ADBC9B7D0}.Release|Any CPU.ActiveCfg = Release|Any CPU
		{9962E09A-420A-4A1F-AF25-DB8ADBC9B7D0}.Release|Any CPU.Build.0 = Release|Any CPU
		{55E68D82-F94F-48CE-AA8E-B0E61A1A26D8}.Debug|Any CPU.ActiveCfg = Debug|Any CPU
		{55E68D82-F94F-48CE-AA8E-B0E61A1A26D8}.Debug|Any CPU.Build.0 = Debug|Any CPU
		{55E68D82-F94F-48CE-AA8E-B0E61A1A26D8}.Release|Any CPU.ActiveCfg = Release|Any CPU
		{55E68D82-F94F-48CE-AA8E-B0E61A1A26D8}.Release|Any CPU.Build.0 = Release|Any CPU
		{EFF162AD-3169-47DB-ACDC-1618DECEC705}.Debug|Any CPU.ActiveCfg = Debug|Any CPU
		{EFF162AD-3169-47DB-ACDC-1618DECEC705}.Debug|Any CPU.Build.0 = Debug|Any CPU
		{EFF162AD-3169-47DB-ACDC-1618DECEC705}.Release|Any CPU.ActiveCfg = Release|Any CPU
		{EFF162AD-3169-47DB-ACDC-1618DECEC705}.Release|Any CPU.Build.0 = Release|Any CPU
	EndGlobalSection
	GlobalSection(SolutionProperties) = preSolution
		HideSolutionNode = FALSE
	EndGlobalSection
	GlobalSection(ExtensibilityGlobals) = postSolution
		SolutionGuid = {E79C367A-A55B-454C-849C-6D8F89B49F41}
	EndGlobalSection
EndGlobal
